
Microsoft Visual Studio Solution File, Format Version 12.00
# Visual Studio Version 16
VisualStudioVersion = 16.0.29519.87
MinimumVisualStudioVersion = 10.0.40219.1
Project("{FAE04EC0-301F-11D3-BF4B-00C04F79EFBC}") = "DockerNet", "DockerNet\DockerNet.csproj", "{66CCB6B2-D240-4949-A759-323CFA705036}"
EndProject
Global
	GlobalSection(SolutionConfigurationPlatforms) = preSolution
		Debug|Any CPU = Debug|Any CPU
		Release|Any CPU = Release|Any CPU
	EndGlobalSection
	GlobalSection(ProjectConfigurationPlatforms) = postSolution
		{66CCB6B2-D240-4949-A759-323CFA705036}.Debug|Any CPU.ActiveCfg = Debug|Any CPU
		{66CCB6B2-D240-4949-A759-323CFA705036}.Debug|Any CPU.Build.0 = Debug|Any CPU
		{66CCB6B2-D240-4949-A759-323CFA705036}.Release|Any CPU.ActiveCfg = Release|Any CPU
		{66CCB6B2-D240-4949-A759-323CFA705036}.Release|Any CPU.Build.0 = Release|Any CPU
	EndGlobalSection
	GlobalSection(SolutionProperties) = preSolution
		HideSolutionNode = FALSE
	EndGlobalSection
	GlobalSection(ExtensibilityGlobals) = postSolution
		SolutionGuid = {84AB2606-C415-45E1-ACC3-6948268E9A19}
	EndGlobalSection
EndGlobal
